
Microsoft Visual Studio Solution File, Format Version 12.00
# Visual Studio Version 17
VisualStudioVersion = 17.8.34408.163
MinimumVisualStudioVersion = 10.0.40219.1
Project("{FAE04EC0-301F-11D3-BF4B-00C04F79EFBC}") = "FullCart.Application", "FullCart.Application\FullCart.Application.csproj", "{91A5F3C4-A26C-4586-B06A-F1BF101A6EE4}"
EndProject
Project("{FAE04EC0-301F-11D3-BF4B-00C04F79EFBC}") = "FullCart.Domain", "FullCart.Domain\FullCart.Domain.csproj", "{FA22C379-35DA-45D7-849F-E01BC37F100D}"
EndProject
Project("{FAE04EC0-301F-11D3-BF4B-00C04F79EFBC}") = "FullCart.Infrastructure", "FullCart.Infrastructure\FullCart.Infrastructure.csproj", "{36C0601D-B372-495E-85CE-B91AED46F859}"
EndProject
Project("{FAE04EC0-301F-11D3-BF4B-00C04F79EFBC}") = "FullCart.Tests", "FullCart.Tests\FullCart.Tests.csproj", "{00C67DCB-4DA1-4BA0-854F-74C4736AA411}"
EndProject
Project("{FAE04EC0-301F-11D3-BF4B-00C04F79EFBC}") = "FullCart.API", "FullCart.Web\FullCart.API.csproj", "{B9E98C59-2E5F-4722-A0D3-6C0D08D695E7}"
EndProject
Global
	GlobalSection(SolutionConfigurationPlatforms) = preSolution
		Debug|Any CPU = Debug|Any CPU
		Release|Any CPU = Release|Any CPU
	EndGlobalSection
	GlobalSection(ProjectConfigurationPlatforms) = postSolution
		{91A5F3C4-A26C-4586-B06A-F1BF101A6EE4}.Debug|Any CPU.ActiveCfg = Debug|Any CPU
		{91A5F3C4-A26C-4586-B06A-F1BF101A6EE4}.Debug|Any CPU.Build.0 = Debug|Any CPU
		{91A5F3C4-A26C-4586-B06A-F1BF101A6EE4}.Release|Any CPU.ActiveCfg = Release|Any CPU
		{91A5F3C4-A26C-4586-B06A-F1BF101A6EE4}.Release|Any CPU.Build.0 = Release|Any CPU
		{FA22C379-35DA-45D7-849F-E01BC37F100D}.Debug|Any CPU.ActiveCfg = Debug|Any CPU
		{FA22C379-35DA-45D7-849F-E01BC37F100D}.Debug|Any CPU.Build.0 = Debug|Any CPU
		{FA22C379-35DA-45D7-849F-E01BC37F100D}.Release|Any CPU.ActiveCfg = Release|Any CPU
		{FA22C379-35DA-45D7-849F-E01BC37F100D}.Release|Any CPU.Build.0 = Release|Any CPU
		{36C0601D-B372-495E-85CE-B91AED46F859}.Debug|Any CPU.ActiveCfg = Debug|Any CPU
		{36C0601D-B372-495E-85CE-B91AED46F859}.Debug|Any CPU.Build.0 = Debug|Any CPU
		{36C0601D-B372-495E-85CE-B91AED46F859}.Release|Any CPU.ActiveCfg = Release|Any CPU
		{36C0601D-B372-495E-85CE-B91AED46F859}.Release|Any CPU.Build.0 = Release|Any CPU
		{00C67DCB-4DA1-4BA0-854F-74C4736AA411}.Debug|Any CPU.ActiveCfg = Debug|Any CPU
		{00C67DCB-4DA1-4BA0-854F-74C4736AA411}.Debug|Any CPU.Build.0 = Debug|Any CPU
		{00C67DCB-4DA1-4BA0-854F-74C4736AA411}.Release|Any CPU.ActiveCfg = Release|Any CPU
		{00C67DCB-4DA1-4BA0-854F-74C4736AA411}.Release|Any CPU.Build.0 = Release|Any CPU
		{B9E98C59-2E5F-4722-A0D3-6C0D08D695E7}.Debug|Any CPU.ActiveCfg = Debug|Any CPU
		{B9E98C59-2E5F-4722-A0D3-6C0D08D695E7}.Debug|Any CPU.Build.0 = Debug|Any CPU
		{B9E98C59-2E5F-4722-A0D3-6C0D08D695E7}.Release|Any CPU.ActiveCfg = Release|Any CPU
		{B9E98C59-2E5F-4722-A0D3-6C0D08D695E7}.Release|Any CPU.Build.0 = Release|Any CPU
	EndGlobalSection
	GlobalSection(SolutionProperties) = preSolution
		HideSolutionNode = FALSE
	EndGlobalSection
	GlobalSection(ExtensibilityGlobals) = postSolution
		SolutionGuid = {1B93B2A9-9DFB-4DAF-8341-A90271E59D6C}
	EndGlobalSection
EndGlobal
